// !$*UTF8*$!
{
	archiveVersion = 1;
	classes = {
	};
	objectVersion = 56;
	objects = {

/* Begin PBXBuildFile section */
		D4F4ECF92BE23D3B00DAC085 /* TestApp.swift in Sources */ = {isa = PBXBuildFile; fileRef = D4F4ECF82BE23D3B00DAC085 /* TestApp.swift */; };
		D4F4ECFB2BE23D3B00DAC085 /* ContentView.swift in Sources */ = {isa = PBXBuildFile; fileRef = D4F4ECFA2BE23D3B00DAC085 /* ContentView.swift */; };
		D4F4ECFD2BE23D3B00DAC085 /* Item.swift in Sources */ = {isa = PBXBuildFile; fileRef = D4F4ECFC2BE23D3B00DAC085 /* Item.swift */; };
		D4F4ECFF2BE23D3C00DAC085 /* Assets.xcassets in Resources */ = {isa = PBXBuildFile; fileRef = D4F4ECFE2BE23D3C00DAC085 /* Assets.xcassets */; };
		D4F4ED022BE23D3C00DAC085 /* Preview Assets.xcassets in Resources */ = {isa = PBXBuildFile; fileRef = D4F4ED012BE23D3C00DAC085 /* Preview Assets.xcassets */; };
		D4F4ED0C2BE23D3C00DAC085 /* TestTests.swift in Sources */ = {isa = PBXBuildFile; fileRef = D4F4ED0B2BE23D3C00DAC085 /* TestTests.swift */; };
		D4F4ED162BE23D3C00DAC085 /* TestUITests.swift in Sources */ = {isa = PBXBuildFile; fileRef = D4F4ED152BE23D3C00DAC085 /* TestUITests.swift */; };
		D4F4ED182BE23D3C00DAC085 /* TestUITestsLaunchTests.swift in Sources */ = {isa = PBXBuildFile; fileRef = D4F4ED172BE23D3C00DAC085 /* TestUITestsLaunchTests.swift */; };
/* End PBXBuildFile section */

/* Begin PBXContainerItemProxy section */
		D4F4ED082BE23D3C00DAC085 /* PBXContainerItemProxy */ = {
			isa = PBXContainerItemProxy;
			containerPortal = D4F4ECED2BE23D3B00DAC085 /* Project object */;
			proxyType = 1;
			remoteGlobalIDString = D4F4ECF42BE23D3B00DAC085;
			remoteInfo = Test;
		};
		D4F4ED122BE23D3C00DAC085 /* PBXContainerItemProxy */ = {
			isa = PBXContainerItemProxy;
			containerPortal = D4F4ECED2BE23D3B00DAC085 /* Project object */;
			proxyType = 1;
			remoteGlobalIDString = D4F4ECF42BE23D3B00DAC085;
			remoteInfo = Test;
		};
/* End PBXContainerItemProxy section */

/* Begin PBXFileReference section */
		D4F4ECF52BE23D3B00DAC085 /* Test.app */ = {isa = PBXFileReference; explicitFileType = wrapper.application; includeInIndex = 0; path = Test.app; sourceTree = BUILT_PRODUCTS_DIR; };
		D4F4ECF82BE23D3B00DAC085 /* TestApp.swift */ = {isa = PBXFileReference; lastKnownFileType = sourcecode.swift; path = TestApp.swift; sourceTree = "<group>"; };
		D4F4ECFA2BE23D3B00DAC085 /* ContentView.swift */ = {isa = PBXFileReference; lastKnownFileType = sourcecode.swift; path = ContentView.swift; sourceTree = "<group>"; };
		D4F4ECFC2BE23D3B00DAC085 /* Item.swift */ = {isa = PBXFileReference; lastKnownFileType = sourcecode.swift; path = Item.swift; sourceTree = "<group>"; };
		D4F4ECFE2BE23D3C00DAC085 /* Assets.xcassets */ = {isa = PBXFileReference; lastKnownFileType = folder.assetcatalog; path = Assets.xcassets; sourceTree = "<group>"; };
		D4F4ED012BE23D3C00DAC085 /* Preview Assets.xcassets */ = {isa = PBXFileReference; lastKnownFileType = folder.assetcatalog; path = "Preview Assets.xcassets"; sourceTree = "<group>"; };
		D4F4ED072BE23D3C00DAC085 /* TestTests.xctest */ = {isa = PBXFileReference; explicitFileType = wrapper.cfbundle; includeInIndex = 0; path = TestTests.xctest; sourceTree = BUILT_PRODUCTS_DIR; };
		D4F4ED0B2BE23D3C00DAC085 /* TestTests.swift */ = {isa = PBXFileReference; lastKnownFileType = sourcecode.swift; path = TestTests.swift; sourceTree = "<group>"; };
		D4F4ED112BE23D3C00DAC085 /* TestUITests.xctest */ = {isa = PBXFileReference; explicitFileType = wrapper.cfbundle; includeInIndex = 0; path = TestUITests.xctest; sourceTree = BUILT_PRODUCTS_DIR; };
		D4F4ED152BE23D3C00DAC085 /* TestUITests.swift */ = {isa = PBXFileReference; lastKnownFileType = sourcecode.swift; path = TestUITests.swift; sourceTree = "<group>"; };
		D4F4ED172BE23D3C00DAC085 /* TestUITestsLaunchTests.swift */ = {isa = PBXFileReference; lastKnownFileType = sourcecode.swift; path = TestUITestsLaunchTests.swift; sourceTree = "<group>"; };
/* End PBXFileReference section */

/* Begin PBXFrameworksBuildPhase section */
		D4F4ECF22BE23D3B00DAC085 /* Frameworks */ = {
			isa = PBXFrameworksBuildPhase;
			buildActionMask = 2147483647;
			files = (
			);
			runOnlyForDeploymentPostprocessing = 0;
		};
		D4F4ED042BE23D3C00DAC085 /* Frameworks */ = {
			isa = PBXFrameworksBuildPhase;
			buildActionMask = 2147483647;
			files = (
			);
			runOnlyForDeploymentPostprocessing = 0;
		};
		D4F4ED0E2BE23D3C00DAC085 /* Frameworks */ = {
			isa = PBXFrameworksBuildPhase;
			buildActionMask = 2147483647;
			files = (
			);
			runOnlyForDeploymentPostprocessing = 0;
		};
/* End PBXFrameworksBuildPhase section */

/* Begin PBXGroup section */
		D4F4ECEC2BE23D3B00DAC085 = {
			isa = PBXGroup;
			children = (
				D4F4ECF72BE23D3B00DAC085 /* Test */,
				D4F4ED0A2BE23D3C00DAC085 /* TestTests */,
				D4F4ED142BE23D3C00DAC085 /* TestUITests */,
				D4F4ECF62BE23D3B00DAC085 /* Products */,
			);
			sourceTree = "<group>";
		};
		D4F4ECF62BE23D3B00DAC085 /* Products */ = {
			isa = PBXGroup;
			children = (
				D4F4ECF52BE23D3B00DAC085 /* Test.app */,
				D4F4ED072BE23D3C00DAC085 /* TestTests.xctest */,
				D4F4ED112BE23D3C00DAC085 /* TestUITests.xctest */,
			);
			name = Products;
			sourceTree = "<group>";
		};
		D4F4ECF72BE23D3B00DAC085 /* Test */ = {
			isa = PBXGroup;
			children = (
				D4F4ECF82BE23D3B00DAC085 /* TestApp.swift */,
				D4F4ECFA2BE23D3B00DAC085 /* ContentView.swift */,
				D4F4ECFC2BE23D3B00DAC085 /* Item.swift */,
				D4F4ECFE2BE23D3C00DAC085 /* Assets.xcassets */,
				D4F4ED002BE23D3C00DAC085 /* Preview Content */,
			);
			path = Test;
			sourceTree = "<group>";
		};
		D4F4ED002BE23D3C00DAC085 /* Preview Content */ = {
			isa = PBXGroup;
			children = (
				D4F4ED012BE23D3C00DAC085 /* Preview Assets.xcassets */,
			);
			path = "Preview Content";
			sourceTree = "<group>";
		};
		D4F4ED0A2BE23D3C00DAC085 /* TestTests */ = {
			isa = PBXGroup;
			children = (
				D4F4ED0B2BE23D3C00DAC085 /* TestTests.swift */,
			);
			path = TestTests;
			sourceTree = "<group>";
		};
		D4F4ED142BE23D3C00DAC085 /* TestUITests */ = {
			isa = PBXGroup;
			children = (
				D4F4ED152BE23D3C00DAC085 /* TestUITests.swift */,
				D4F4ED172BE23D3C00DAC085 /* TestUITestsLaunchTests.swift */,
			);
			path = TestUITests;
			sourceTree = "<group>";
		};
/* End PBXGroup section */

/* Begin PBXNativeTarget section */
		D4F4ECF42BE23D3B00DAC085 /* Test */ = {
			isa = PBXNativeTarget;
			buildConfigurationList = D4F4ED1B2BE23D3C00DAC085 /* Build configuration list for PBXNativeTarget "Test" */;
			buildPhases = (
				D4F4ECF12BE23D3B00DAC085 /* Sources */,
				D4F4ECF22BE23D3B00DAC085 /* Frameworks */,
				D4F4ECF32BE23D3B00DAC085 /* Resources */,
			);
			buildRules = (
			);
			dependencies = (
			);
			name = Test;
			productName = Test;
			productReference = D4F4ECF52BE23D3B00DAC085 /* Test.app */;
			productType = "com.apple.product-type.application";
		};
		D4F4ED062BE23D3C00DAC085 /* TestTests */ = {
			isa = PBXNativeTarget;
			buildConfigurationList = D4F4ED1E2BE23D3C00DAC085 /* Build configuration list for PBXNativeTarget "TestTests" */;
			buildPhases = (
				D4F4ED032BE23D3C00DAC085 /* Sources */,
				D4F4ED042BE23D3C00DAC085 /* Frameworks */,
				D4F4ED052BE23D3C00DAC085 /* Resources */,
			);
			buildRules = (
			);
			dependencies = (
				D4F4ED092BE23D3C00DAC085 /* PBXTargetDependency */,
			);
			name = TestTests;
			productName = TestTests;
			productReference = D4F4ED072BE23D3C00DAC085 /* TestTests.xctest */;
			productType = "com.apple.product-type.bundle.unit-test";
		};
		D4F4ED102BE23D3C00DAC085 /* TestUITests */ = {
			isa = PBXNativeTarget;
			buildConfigurationList = D4F4ED212BE23D3C00DAC085 /* Build configuration list for PBXNativeTarget "TestUITests" */;
			buildPhases = (
				D4F4ED0D2BE23D3C00DAC085 /* Sources */,
				D4F4ED0E2BE23D3C00DAC085 /* Frameworks */,
				D4F4ED0F2BE23D3C00DAC085 /* Resources */,
			);
			buildRules = (
			);
			dependencies = (
				D4F4ED132BE23D3C00DAC085 /* PBXTargetDependency */,
			);
			name = TestUITests;
			productName = TestUITests;
			productReference = D4F4ED112BE23D3C00DAC085 /* TestUITests.xctest */;
			productType = "com.apple.product-type.bundle.ui-testing";
		};
/* End PBXNativeTarget section */

/* Begin PBXProject section */
		D4F4ECED2BE23D3B00DAC085 /* Project object */ = {
			isa = PBXProject;
			attributes = {
				BuildIndependentTargetsInParallel = 1;
				LastSwiftUpdateCheck = 1510;
				LastUpgradeCheck = 1510;
				TargetAttributes = {
					D4F4ECF42BE23D3B00DAC085 = {
						CreatedOnToolsVersion = 15.1;
					};
					D4F4ED062BE23D3C00DAC085 = {
						CreatedOnToolsVersion = 15.1;
						TestTargetID = D4F4ECF42BE23D3B00DAC085;
					};
					D4F4ED102BE23D3C00DAC085 = {
						CreatedOnToolsVersion = 15.1;
						TestTargetID = D4F4ECF42BE23D3B00DAC085;
					};
				};
			};
			buildConfigurationList = D4F4ECF02BE23D3B00DAC085 /* Build configuration list for PBXProject "Test" */;
			compatibilityVersion = "Xcode 14.0";
			developmentRegion = en;
			hasScannedForEncodings = 0;
			knownRegions = (
				en,
				Base,
			);
			mainGroup = D4F4ECEC2BE23D3B00DAC085;
			productRefGroup = D4F4ECF62BE23D3B00DAC085 /* Products */;
			projectDirPath = "";
			projectRoot = "";
			targets = (
				D4F4ECF42BE23D3B00DAC085 /* Test */,
				D4F4ED062BE23D3C00DAC085 /* TestTests */,
				D4F4ED102BE23D3C00DAC085 /* TestUITests */,
			);
		};
/* End PBXProject section */

/* Begin PBXResourcesBuildPhase section */
		D4F4ECF32BE23D3B00DAC085 /* Resources */ = {
			isa = PBXResourcesBuildPhase;
			buildActionMask = 2147483647;
			files = (
				D4F4ED022BE23D3C00DAC085 /* Preview Assets.xcassets in Resources */,
				D4F4ECFF2BE23D3C00DAC085 /* Assets.xcassets in Resources */,
			);
			runOnlyForDeploymentPostprocessing = 0;
		};
		D4F4ED052BE23D3C00DAC085 /* Resources */ = {
			isa = PBXResourcesBuildPhase;
			buildActionMask = 2147483647;
			files = (
			);
			runOnlyForDeploymentPostprocessing = 0;
		};
		D4F4ED0F2BE23D3C00DAC085 /* Resources */ = {
			isa = PBXResourcesBuildPhase;
			buildActionMask = 2147483647;
			files = (
			);
			runOnlyForDeploymentPostprocessing = 0;
		};
/* End PBXResourcesBuildPhase section */

/* Begin PBXSourcesBuildPhase section */
		D4F4ECF12BE23D3B00DAC085 /* Sources */ = {
			isa = PBXSourcesBuildPhase;
			buildActionMask = 2147483647;
			files = (
				D4F4ECFB2BE23D3B00DAC085 /* ContentView.swift in Sources */,
				D4F4ECFD2BE23D3B00DAC085 /* Item.swift in Sources */,
				D4F4ECF92BE23D3B00DAC085 /* TestApp.swift in Sources */,
			);
			runOnlyForDeploymentPostprocessing = 0;
		};
		D4F4ED032BE23D3C00DAC085 /* Sources */ = {
			isa = PBXSourcesBuildPhase;
			buildActionMask = 2147483647;
			files = (
				D4F4ED0C2BE23D3C00DAC085 /* TestTests.swift in Sources */,
			);
			runOnlyForDeploymentPostprocessing = 0;
		};
		D4F4ED0D2BE23D3C00DAC085 /* Sources */ = {
			isa = PBXSourcesBuildPhase;
			buildActionMask = 2147483647;
			files = (
				D4F4ED182BE23D3C00DAC085 /* TestUITestsLaunchTests.swift in Sources */,
				D4F4ED162BE23D3C00DAC085 /* TestUITests.swift in Sources */,
			);
			runOnlyForDeploymentPostprocessing = 0;
		};
/* End PBXSourcesBuildPhase section */

/* Begin PBXTargetDependency section */
		D4F4ED092BE23D3C00DAC085 /* PBXTargetDependency */ = {
			isa = PBXTargetDependency;
			target = D4F4ECF42BE23D3B00DAC085 /* Test */;
			targetProxy = D4F4ED082BE23D3C00DAC085 /* PBXContainerItemProxy */;
		};
		D4F4ED132BE23D3C00DAC085 /* PBXTargetDependency */ = {
			isa = PBXTargetDependency;
			target = D4F4ECF42BE23D3B00DAC085 /* Test */;
			targetProxy = D4F4ED122BE23D3C00DAC085 /* PBXContainerItemProxy */;
		};
/* End PBXTargetDependency section */

/* Begin XCBuildConfiguration section */
		D4F4ED192BE23D3C00DAC085 /* Debug */ = {
			isa = XCBuildConfiguration;
			buildSettings = {
				ALWAYS_SEARCH_USER_PATHS = NO;
				ASSETCATALOG_COMPILER_GENERATE_SWIFT_ASSET_SYMBOL_EXTENSIONS = YES;
				CLANG_ANALYZER_NONNULL = YES;
				CLANG_ANALYZER_NUMBER_OBJECT_CONVERSION = YES_AGGRESSIVE;
				CLANG_CXX_LANGUAGE_STANDARD = "gnu++20";
				CLANG_ENABLE_MODULES = YES;
				CLANG_ENABLE_OBJC_ARC = YES;
				CLANG_ENABLE_OBJC_WEAK = YES;
				CLANG_WARN_BLOCK_CAPTURE_AUTORELEASING = YES;
				CLANG_WARN_BOOL_CONVERSION = YES;
				CLANG_WARN_COMMA = YES;
				CLANG_WARN_CONSTANT_CONVERSION = YES;
				CLANG_WARN_DEPRECATED_OBJC_IMPLEMENTATIONS = YES;
				CLANG_WARN_DIRECT_OBJC_ISA_USAGE = YES_ERROR;
				CLANG_WARN_DOCUMENTATION_COMMENTS = YES;
				CLANG_WARN_EMPTY_BODY = YES;
				CLANG_WARN_ENUM_CONVERSION = YES;
				CLANG_WARN_INFINITE_RECURSION = YES;
				CLANG_WARN_INT_CONVERSION = YES;
				CLANG_WARN_NON_LITERAL_NULL_CONVERSION = YES;
				CLANG_WARN_OBJC_IMPLICIT_RETAIN_SELF = YES;
				CLANG_WARN_OBJC_LITERAL_CONVERSION = YES;
				CLANG_WARN_OBJC_ROOT_CLASS = YES_ERROR;
				CLANG_WARN_QUOTED_INCLUDE_IN_FRAMEWORK_HEADER = YES;
				CLANG_WARN_RANGE_LOOP_ANALYSIS = YES;
				CLANG_WARN_STRICT_PROTOTYPES = YES;
				CLANG_WARN_SUSPICIOUS_MOVE = YES;
				CLANG_WARN_UNGUARDED_AVAILABILITY = YES_AGGRESSIVE;
				CLANG_WARN_UNREACHABLE_CODE = YES;
				CLANG_WARN__DUPLICATE_METHOD_MATCH = YES;
				COPY_PHASE_STRIP = NO;
				DEBUG_INFORMATION_FORMAT = dwarf;
				ENABLE_STRICT_OBJC_MSGSEND = YES;
				ENABLE_TESTABILITY = YES;
				ENABLE_USER_SCRIPT_SANDBOXING = YES;
				GCC_C_LANGUAGE_STANDARD = gnu17;
				GCC_DYNAMIC_NO_PIC = NO;
				GCC_NO_COMMON_BLOCKS = YES;
				GCC_OPTIMIZATION_LEVEL = 0;
				GCC_PREPROCESSOR_DEFINITIONS = (
					"DEBUG=1",
					"$(inherited)",
				);
				GCC_WARN_64_TO_32_BIT_CONVERSION = YES;
				GCC_WARN_ABOUT_RETURN_TYPE = YES_ERROR;
				GCC_WARN_UNDECLARED_SELECTOR = YES;
				GCC_WARN_UNINITIALIZED_AUTOS = YES_AGGRESSIVE;
				GCC_WARN_UNUSED_FUNCTION = YES;
				GCC_WARN_UNUSED_VARIABLE = YES;
				IPHONEOS_DEPLOYMENT_TARGET = 17.2;
				LOCALIZATION_PREFERS_STRING_CATALOGS = YES;
				MTL_ENABLE_DEBUG_INFO = INCLUDE_SOURCE;
				MTL_FAST_MATH = YES;
				ONLY_ACTIVE_ARCH = YES;
				SDKROOT = iphoneos;
				SWIFT_ACTIVE_COMPILATION_CONDITIONS = "DEBUG $(inherited)";
				SWIFT_OPTIMIZATION_LEVEL = "-Onone";
			};
			name = Debug;
		};
		D4F4ED1A2BE23D3C00DAC085 /* Release */ = {
			isa = XCBuildConfiguration;
			buildSettings = {
				ALWAYS_SEARCH_USER_PATHS = NO;
				ASSETCATALOG_COMPILER_GENERATE_SWIFT_ASSET_SYMBOL_EXTENSIONS = YES;
				CLANG_ANALYZER_NONNULL = YES;
				CLANG_ANALYZER_NUMBER_OBJECT_CONVERSION = YES_AGGRESSIVE;
				CLANG_CXX_LANGUAGE_STANDARD = "gnu++20";
				CLANG_ENABLE_MODULES = YES;
				CLANG_ENABLE_OBJC_ARC = YES;
				CLANG_ENABLE_OBJC_WEAK = YES;
				CLANG_WARN_BLOCK_CAPTURE_AUTORELEASING = YES;
				CLANG_WARN_BOOL_CONVERSION = YES;
				CLANG_WARN_COMMA = YES;
				CLANG_WARN_CONSTANT_CONVERSION = YES;
				CLANG_WARN_DEPRECATED_OBJC_IMPLEMENTATIONS = YES;
				CLANG_WARN_DIRECT_OBJC_ISA_USAGE = YES_ERROR;
				CLANG_WARN_DOCUMENTATION_COMMENTS = YES;
				CLANG_WARN_EMPTY_BODY = YES;
				CLANG_WARN_ENUM_CONVERSION = YES;
				CLANG_WARN_INFINITE_RECURSION = YES;
				CLANG_WARN_INT_CONVERSION = YES;
				CLANG_WARN_NON_LITERAL_NULL_CONVERSION = YES;
				CLANG_WARN_OBJC_IMPLICIT_RETAIN_SELF = YES;
				CLANG_WARN_OBJC_LITERAL_CONVERSION = YES;
				CLANG_WARN_OBJC_ROOT_CLASS = YES_ERROR;
				CLANG_WARN_QUOTED_INCLUDE_IN_FRAMEWORK_HEADER = YES;
				CLANG_WARN_RANGE_LOOP_ANALYSIS = YES;
				CLANG_WARN_STRICT_PROTOTYPES = YES;
				CLANG_WARN_SUSPICIOUS_MOVE = YES;
				CLANG_WARN_UNGUARDED_AVAILABILITY = YES_AGGRESSIVE;
				CLANG_WARN_UNREACHABLE_CODE = YES;
				CLANG_WARN__DUPLICATE_METHOD_MATCH = YES;
				COPY_PHASE_STRIP = NO;
				DEBUG_INFORMATION_FORMAT = "dwarf-with-dsym";
				ENABLE_NS_ASSERTIONS = NO;
				ENABLE_STRICT_OBJC_MSGSEND = YES;
				ENABLE_USER_SCRIPT_SANDBOXING = YES;
				GCC_C_LANGUAGE_STANDARD = gnu17;
				GCC_NO_COMMON_BLOCKS = YES;
				GCC_WARN_64_TO_32_BIT_CONVERSION = YES;
				GCC_WARN_ABOUT_RETURN_TYPE = YES_ERROR;
				GCC_WARN_UNDECLARED_SELECTOR = YES;
				GCC_WARN_UNINITIALIZED_AUTOS = YES_AGGRESSIVE;
				GCC_WARN_UNUSED_FUNCTION = YES;
				GCC_WARN_UNUSED_VARIABLE = YES;
				IPHONEOS_DEPLOYMENT_TARGET = 17.2;
				LOCALIZATION_PREFERS_STRING_CATALOGS = YES;
				MTL_ENABLE_DEBUG_INFO = NO;
				MTL_FAST_MATH = YES;
				SDKROOT = iphoneos;
				SWIFT_COMPILATION_MODE = wholemodule;
				VALIDATE_PRODUCT = YES;
			};
			name = Release;
		};
		D4F4ED1C2BE23D3C00DAC085 /* Debug */ = {
			isa = XCBuildConfiguration;
			buildSettings = {
				ASSETCATALOG_COMPILER_APPICON_NAME = AppIcon;
				ASSETCATALOG_COMPILER_GLOBAL_ACCENT_COLOR_NAME = AccentColor;
				CODE_SIGN_STYLE = Automatic;
				CURRENT_PROJECT_VERSION = 1;
				DEVELOPMENT_ASSET_PATHS = "\"Test/Preview Content\"";
				DEVELOPMENT_TEAM = 6554CH8BRD;
				ENABLE_PREVIEWS = YES;
				GENERATE_INFOPLIST_FILE = YES;
				INFOPLIST_KEY_UIApplicationSceneManifest_Generation = YES;
				INFOPLIST_KEY_UIApplicationSupportsIndirectInputEvents = YES;
				INFOPLIST_KEY_UILaunchScreen_Generation = YES;
				INFOPLIST_KEY_UISupportedInterfaceOrientations_iPad = "UIInterfaceOrientationPortrait UIInterfaceOrientationPortraitUpsideDown UIInterfaceOrientationLandscapeLeft UIInterfaceOrientationLandscapeRight";
				INFOPLIST_KEY_UISupportedInterfaceOrientations_iPhone = "UIInterfaceOrientationPortrait UIInterfaceOrientationLandscapeLeft UIInterfaceOrientationLandscapeRight";
				LD_RUNPATH_SEARCH_PATHS = (
					"$(inherited)",
					"@executable_path/Frameworks",
				);
				MARKETING_VERSION = 1.0;
				PRODUCT_BUNDLE_IDENTIFIER = Victoriaxaoquyet.Test;
				PRODUCT_NAME = "$(TARGET_NAME)";
				SWIFT_EMIT_LOC_STRINGS = YES;
				SWIFT_VERSION = 5.0;
				TARGETED_DEVICE_FAMILY = "1,2";
			};
			name = Debug;
		};
		D4F4ED1D2BE23D3C00DAC085 /* Release */ = {
			isa = XCBuildConfiguration;
			buildSettings = {
				ASSETCATALOG_COMPILER_APPICON_NAME = AppIcon;
				ASSETCATALOG_COMPILER_GLOBAL_ACCENT_COLOR_NAME = AccentColor;
				CODE_SIGN_STYLE = Automatic;
				CURRENT_PROJECT_VERSION = 1;
				DEVELOPMENT_ASSET_PATHS = "\"Test/Preview Content\"";
				DEVELOPMENT_TEAM = 6554CH8BRD;
				ENABLE_PREVIEWS = YES;
				GENERATE_INFOPLIST_FILE = YES;
				INFOPLIST_KEY_UIApplicationSceneManifest_Generation = YES;
				INFOPLIST_KEY_UIApplicationSupportsIndirectInputEvents = YES;
				INFOPLIST_KEY_UILaunchScreen_Generation = YES;
				INFOPLIST_KEY_UISupportedInterfaceOrientations_iPad = "UIInterfaceOrientationPortrait UIInterfaceOrientationPortraitUpsideDown UIInterfaceOrientationLandscapeLeft UIInterfaceOrientationLandscapeRight";
				INFOPLIST_KEY_UISupportedInterfaceOrientations_iPhone = "UIInterfaceOrientationPortrait UIInterfaceOrientationLandscapeLeft UIInterfaceOrientationLandscapeRight";
				LD_RUNPATH_SEARCH_PATHS = (
					"$(inherited)",
					"@executable_path/Frameworks",
				);
				MARKETING_VERSION = 1.0;
				PRODUCT_BUNDLE_IDENTIFIER = Victoriaxaoquyet.Test;
				PRODUCT_NAME = "$(TARGET_NAME)";
				SWIFT_EMIT_LOC_STRINGS = YES;
				SWIFT_VERSION = 5.0;
				TARGETED_DEVICE_FAMILY = "1,2";
			};
			name = Release;
		};
		D4F4ED1F2BE23D3C00DAC085 /* Debug */ = {
			isa = XCBuildConfiguration;
			buildSettings = {
				ALWAYS_EMBED_SWIFT_STANDARD_LIBRARIES = YES;
				BUNDLE_LOADER = "$(TEST_HOST)";
				CODE_SIGN_STYLE = Automatic;
				CURRENT_PROJECT_VERSION = 1;
				DEVELOPMENT_TEAM = 6554CH8BRD;
				GENERATE_INFOPLIST_FILE = YES;
				IPHONEOS_DEPLOYMENT_TARGET = 17.2;
				MARKETING_VERSION = 1.0;
				PRODUCT_BUNDLE_IDENTIFIER = Victoriaxaoquyet.TestTests;
				PRODUCT_NAME = "$(TARGET_NAME)";
				SWIFT_EMIT_LOC_STRINGS = NO;
				SWIFT_VERSION = 5.0;
				TARGETED_DEVICE_FAMILY = "1,2";
				TEST_HOST = "$(BUILT_PRODUCTS_DIR)/Test.app/$(BUNDLE_EXECUTABLE_FOLDER_PATH)/Test";
			};
			name = Debug;
		};
		D4F4ED202BE23D3C00DAC085 /* Release */ = {
			isa = XCBuildConfiguration;
			buildSettings = {
				ALWAYS_EMBED_SWIFT_STANDARD_LIBRARIES = YES;
				BUNDLE_LOADER = "$(TEST_HOST)";
				CODE_SIGN_STYLE = Automatic;
				CURRENT_PROJECT_VERSION = 1;
				DEVELOPMENT_TEAM = 6554CH8BRD;
				GENERATE_INFOPLIST_FILE = YES;
				IPHONEOS_DEPLOYMENT_TARGET = 17.2;
				MARKETING_VERSION = 1.0;
				PRODUCT_BUNDLE_IDENTIFIER = Victoriaxaoquyet.TestTests;
				PRODUCT_NAME = "$(TARGET_NAME)";
				SWIFT_EMIT_LOC_STRINGS = NO;
				SWIFT_VERSION = 5.0;
				TARGETED_DEVICE_FAMILY = "1,2";
				TEST_HOST = "$(BUILT_PRODUCTS_DIR)/Test.app/$(BUNDLE_EXECUTABLE_FOLDER_PATH)/Test";
			};
			name = Release;
		};
		D4F4ED222BE23D3C00DAC085 /* Debug */ = {
			isa = XCBuildConfiguration;
			buildSettings = {
				ALWAYS_EMBED_SWIFT_STANDARD_LIBRARIES = YES;
				CODE_SIGN_STYLE = Automatic;
				CURRENT_PROJECT_VERSION = 1;
				DEVELOPMENT_TEAM = 6554CH8BRD;
				GENERATE_INFOPLIST_FILE = YES;
				MARKETING_VERSION = 1.0;
				PRODUCT_BUNDLE_IDENTIFIER = Victoriaxaoquyet.TestUITests;
				PRODUCT_NAME = "$(TARGET_NAME)";
				SWIFT_EMIT_LOC_STRINGS = NO;
				SWIFT_VERSION = 5.0;
				TARGETED_DEVICE_FAMILY = "1,2";
				TEST_TARGET_NAME = Test;
			};
			name = Debug;
		};
		D4F4ED232BE23D3C00DAC085 /* Release */ = {
			isa = XCBuildConfiguration;
			buildSettings = {
				ALWAYS_EMBED_SWIFT_STANDARD_LIBRARIES = YES;
				CODE_SIGN_STYLE = Automatic;
				CURRENT_PROJECT_VERSION = 1;
				DEVELOPMENT_TEAM = 6554CH8BRD;
				GENERATE_INFOPLIST_FILE = YES;
				MARKETING_VERSION = 1.0;
				PRODUCT_BUNDLE_IDENTIFIER = Victoriaxaoquyet.TestUITests;
				PRODUCT_NAME = "$(TARGET_NAME)";
				SWIFT_EMIT_LOC_STRINGS = NO;
				SWIFT_VERSION = 5.0;
				TARGETED_DEVICE_FAMILY = "1,2";
				TEST_TARGET_NAME = Test;
			};
			name = Release;
		};
/* End XCBuildConfiguration section */

/* Begin XCConfigurationList section */
		D4F4ECF02BE23D3B00DAC085 /* Build configuration list for PBXProject "Test" */ = {
			isa = XCConfigurationList;
			buildConfigurations = (
				D4F4ED192BE23D3C00DAC085 /* Debug */,
				D4F4ED1A2BE23D3C00DAC085 /* Release */,
			);
			defaultConfigurationIsVisible = 0;
			defaultConfigurationName = Release;
		};
		D4F4ED1B2BE23D3C00DAC085 /* Build configuration list for PBXNativeTarget "Test" */ = {
			isa = XCConfigurationList;
			buildConfigurations = (
				D4F4ED1C2BE23D3C00DAC085 /* Debug */,
				D4F4ED1D2BE23D3C00DAC085 /* Release */,
			);
			defaultConfigurationIsVisible = 0;
			defaultConfigurationName = Release;
		};
		D4F4ED1E2BE23D3C00DAC085 /* Build configuration list for PBXNativeTarget "TestTests" */ = {
			isa = XCConfigurationList;
			buildConfigurations = (
				D4F4ED1F2BE23D3C00DAC085 /* Debug */,
				D4F4ED202BE23D3C00DAC085 /* Release */,
			);
			defaultConfigurationIsVisible = 0;
			defaultConfigurationName = Release;
		};
		D4F4ED212BE23D3C00DAC085 /* Build configuration list for PBXNativeTarget "TestUITests" */ = {
			isa = XCConfigurationList;
			buildConfigurations = (
				D4F4ED222BE23D3C00DAC085 /* Debug */,
				D4F4ED232BE23D3C00DAC085 /* Release */,
			);
			defaultConfigurationIsVisible = 0;
			defaultConfigurationName = Release;
		};
/* End XCConfigurationList section */
	};
	rootObject = D4F4ECED2BE23D3B00DAC085 /* Project object */;
}
